
Microsoft Visual Studio Solution File, Format Version 12.00
# Visual Studio Version 17
VisualStudioVersion = 17.5.002.0
MinimumVisualStudioVersion = 10.0.40219.1
Project("{9A19103F-16F7-4668-BE54-9A1E7A4F7556}") = "Liveeeeeeeee", "Liveeeeeeeee.csproj", "{9AF3B169-E3EB-4140-BA0D-C56A9B71E2FD}"
EndProject
Global
	GlobalSection(SolutionConfigurationPlatforms) = preSolution
		Debug|Any CPU = Debug|Any CPU
		Release|Any CPU = Release|Any CPU
	EndGlobalSection
	GlobalSection(ProjectConfigurationPlatforms) = postSolution
		{9AF3B169-E3EB-4140-BA0D-C56A9B71E2FD}.Debug|Any CPU.ActiveCfg = Debug|Any CPU
		{9AF3B169-E3EB-4140-BA0D-C56A9B71E2FD}.Debug|Any CPU.Build.0 = Debug|Any CPU
		{9AF3B169-E3EB-4140-BA0D-C56A9B71E2FD}.Release|Any CPU.ActiveCfg = Release|Any CPU
		{9AF3B169-E3EB-4140-BA0D-C56A9B71E2FD}.Release|Any CPU.Build.0 = Release|Any CPU
	EndGlobalSection
	GlobalSection(SolutionProperties) = preSolution
		HideSolutionNode = FALSE
	EndGlobalSection
	GlobalSection(ExtensibilityGlobals) = postSolution
		SolutionGuid = {B1AADF79-260F-4474-B958-4B1B863041E9}
	EndGlobalSection
EndGlobal
